schema: '2.0'
stages:
  sav_to_csv_and_json:
    cmd: python -m plotting_examples.binary_outcome_variable.plot
    deps:
    - path: plotting_examples/binary_outcome_variable/plot.py
      md5: 1427c5fcadda1f47e11a817d2f55e61e
      size: 2109
  binary_outcome:
    cmd: python -m plotting_examples.binary_outcome_variable.plot
    deps:
    - path: plotting_examples/binary_outcome_variable/plot.py
      md5: b8b284298598c316bd0c661e7705ffda
      size: 2101
    outs:
    - path:
        images/GSL_projects_plotting_examples_plotting_examples_binary_outcome_variable_plot.png
      md5: 3e15bc2bdba0ea318625e341fc600adc
      size: 68657
  histogram_with_two_variables:
    cmd: python -m plotting_examples.histogram_with_two_variables.plot
    deps:
    - path: plotting_examples/histogram_with_two_variables/plot.py
      md5: f176e507379760e333fd3d21a0a03f66
      size: 4958
    outs:
    - path:
        images/GSL_projects_plotting_examples_plotting_examples_histogram_with_two_variables_plot.png
      md5: a42aff20a7970bd5a593dbb5e4a72083
      size: 121044
  pandas_stacked_bars_with_values:
    cmd: python -m plotting_examples.pandas_stacked_bars_with_values.plot
    deps:
    - path: plotting_examples/pandas_stacked_bars_with_values/plot.py
      md5: 41f46cb867b53e3d1fa2bd9ce9a7e59b
      size: 4276
    outs:
    - path:
        images/GSL_projects_plotting_examples_plotting_examples_pandas_stacked_bars_with_values_plot.png
      md5: b444b9c40539997369b306794dd55383
      size: 109980
  scatter_distributions:
    cmd: python -m plotting_examples.scatter_distributions.plot
    deps:
    - path: plotting_examples/scatter_distributions/plot.py
      md5: ca9e0719035769cb951018cdc60cae5a
      size: 6101
    outs:
    - path:
        images/GSL_projects_plotting_examples_plotting_examples_scatter_distributions_plot.png
      md5: ff1ea112d284d6995f21d1555da17868
      size: 1048818
  split_x_axis_custom_legend:
    cmd: python -m plotting_examples.split_x_axis_custom_legend.plot
    deps:
    - path: plotting_examples/split_x_axis_custom_legend/plot.py
      md5: 4cbef0469f1542bbba40f26080fa8147
      size: 6216
    outs:
    - path:
        images/GSL_projects_plotting_examples_plotting_examples_split_x_axis_custom_legend_plot.png
      md5: e31a09751ac8a7cb68c33f573888c04c
      size: 2059481
  trump_church_votes_2020:
    cmd: python -m plotting_examples.trump_church_votes_2020.plot
    deps:
    - path: plotting_examples/trump_church_votes_2020/plot.py
      md5: df8965d04acf1363a89adc51dbf8d823
      size: 5092
    outs:
    - path:
        images/GSL_projects_plotting_examples_plotting_examples_trump_church_votes_2020_plot.png
      md5: 79f742eb79b7cbcac22518634984fefe
      size: 442400
  work_time_tracking_plot:
    cmd: python -m plotting_examples.work_time_tracking.plot
    deps:
    - path: plotting_examples/work_time_tracking/plot.py
      md5: 295be3a691582e23266edcfdf75abe9f
      size: 4618
    outs:
    - path:
        images/GSL_projects_plotting_examples_plotting_examples_work_time_tracking_plot.png
      md5: 022854ffd33d0c1052ad561d3b0a29e4
      size: 420434
  bar_plot_w_custom_cmap:
    cmd: python -m plotting_examples.2022.bar_plot_w_custom_cmap.plot
    deps:
    - path: plotting_examples/2022/bar_plot_w_custom_cmap/plot.py
      md5: 672de9f4bd9f4e7c2095b572b58e1b9e
      size: 5697
    outs:
    - path:
        images/GSL_projects_plotting_examples_plotting_examples_2022_bar_plot_w_custom_cmap_plot.png
      md5: 149eaf7e57549fb2119ef508746f653d
      size: 324973
  sns_violin_plot_custom:
    cmd: python -m plotting_examples.sns_violin_plot_custom.plot
    deps:
    - path: plotting_examples/sns_violin_plot_custom/plot.py
      md5: 01e55cb3dd5935e2f317fdc90dbe64a4
      size: 1523
    outs:
    - path:
        images/GSL_projects_plotting_examples_plotting_examples_sns_violin_plot_custom_plot.png
      md5: 54134457d7681189e81518fc6214f4ec
      size: 100869
  scatter_matrix_w_kde_on_diag:
    cmd: python -m plotting_examples.scatter_matrix_w_kde_on_diag.plot
    deps:
    - path: plotting_examples/scatter_matrix_w_kde_on_diag/plot.py
      md5: 5f9b69d8a3762e617653d044b3fec13a
      size: 2216
    outs:
    - path:
        images/GSL_projects_plotting_examples_plotting_examples_scatter_matrix_w_kde_on_diag_plot.png
      md5: 7a6dec845e9bb9fe0a667b8b7937ae9c
      size: 504189
  pos_neg_split_hbar:
    cmd: python -m plotting_examples.pos_neg_split_hbar.plot
    deps:
    - path: plotting_examples/pos_neg_split_hbar/plot.py
      md5: 882938cd457ffdec5c72e67f2235c181
      size: 5017
    outs:
    - path:
        images/GSL_projects_plotting_examples_plotting_examples_pos_neg_split_hbar_plot.png
      md5: ea865e0df1293cc02d7843aa4140a387
      size: 160025
  default_plot:
    cmd: python -m plotting_examples.default_plot.plot
    deps:
    - path: plotting_examples/default_plot/plot.py
      md5: 7b305baa02cf195d47332f3b2586265a
      size: 865
    outs:
    - path: images/GSL_projects_plotting_examples_plotting_examples_default_plot_plot.png
      md5: 215cc189594c56704b2ab62ea6983b6d
      size: 54181
  2022_default_plot:
    cmd: python -m plotting_examples.2022.default_plot.plot
    deps:
    - path: plotting_examples/2022/default_plot/plot.py
      md5: 3006f0a7bbbea7a22224095255f4bb5e
      size: 838
    outs:
    - path: images/2022/default_plot.png
      md5: 63f2d738e25563eff978e01bc834e480
      size: 25121
  2022_binary_outcome_variable:
    cmd: python -m plotting_examples.2022.binary_outcome_variable.plot
    deps:
    - path: plotting_examples/2022/binary_outcome_variable/plot.py
      md5: 97ac99d8c9299f723f4e730fbfea90e2
      size: 2182
    outs:
    - path: images/2022/binary_outcome_variable.png
      md5: 605d409516acb29e92ba53afd5203a94
      size: 36620
  2022_pandas_stacked_bars_with_values:
    cmd: python -m plotting_examples.2022.pandas_stacked_bars_with_values.plot
    deps:
    - path: plotting_examples/2022/pandas_stacked_bars_with_values/plot.py
      md5: 51afea4e6b06813f61887aad963b2b5d
      size: 4357
    outs:
    - path: images/2022/pandas_stacked_bars_with_values.png
      md5: 187f7f8d78b2a7bee60517b0bca5f463
      size: 57606
  2022_pos_neg_split_hbar:
    cmd: python -m plotting_examples.2022.pos_neg_split_hbar.plot
    deps:
    - path: plotting_examples/2022/pos_neg_split_hbar/plot.py
      md5: 606148fb6a0601d3a2828b24a62f8614
      size: 5097
    outs:
    - path: images/2022/pos_neg_split_hbar.png
      md5: 7102b82280627073c912a37cbb5bddfe
      size: 82422
  2022_histogram_with_two_variables:
    cmd: python -m plotting_examples.2022.histogram_with_two_variables.plot
    deps:
    - path: plotting_examples/2022/histogram_with_two_variables/plot.py
      md5: f1a1d50c1b05b9927b749d0acaad438e
      size: 5248
    outs:
    - path: images/2022/histogram_with_two_variables.png
      md5: 5ee46a399d1635bbca0acbb38baa417d
      size: 67845
  2022_split_x_axis_custom_legend:
    cmd: python -m plotting_examples.2022.split_x_axis_custom_legend.plot
    deps:
    - path: plotting_examples/2022/split_x_axis_custom_legend/plot.py
      md5: d96a9320c4b7009e9f110bb891d1182d
      size: 6297
    outs:
    - path: images/2022/split_x_axis_custom_legend.png
      md5: da1c3324e4d037a49696bdb1bae75bd5
      size: 1080487
  2022_scatter_matrix_w_kde_on_diag:
    cmd: python -m plotting_examples.2022.scatter_matrix_w_kde_on_diag.plot
    deps:
    - path: plotting_examples/2022/scatter_matrix_w_kde_on_diag/plot.py
      md5: 5f0e7e326606d868b8c4411c288e00cb
      size: 2522
    outs:
    - path: images/2022/scatter_matrix_w_kde_on_diag.png
      md5: 14a39a1df810953354cde040c1cf10fb
      size: 217990
  2022_sns_violin_plot_custom:
    cmd: python -m plotting_examples.2022.sns_violin_plot_custom.plot
    deps:
    - path: plotting_examples/2022/sns_violin_plot_custom/plot.py
      md5: e5aa38595903134348a4b97e12af4b51
      size: 1604
    outs:
    - path: images/2022/sns_violin_plot_custom.png
      md5: 7a451fc7c780d5e165f7325327ded3ce
      size: 56996
  2022_work_time_tracking:
    cmd: python -m plotting_examples.2022.work_time_tracking.plot
    deps:
    - path: plotting_examples/2022/work_time_tracking/plot.py
      md5: 41af922980ad6d06a0813c3f6dff37af
      size: 4704
    outs:
    - path: images/2022/work_time_tracking.png
      md5: 5e468011855755d5a8238e7e8b51063c
      size: 227174
  2022_scatter_distributions:
    cmd: python -m plotting_examples.2022.scatter_distributions.plot
    deps:
    - path: plotting_examples/2022/scatter_distributions/plot.py
      md5: 0be18ddf32bdd5a0a5768d214d49c5c2
      size: 6181
    outs:
    - path: images/2022/scatter_distributions.png
      md5: d102a1f3534a68d11439103b85f7b4b1
      size: 520358
  2022_bar_plot_w_custom_cmap:
    cmd: python -m plotting_examples.2022.bar_plot_w_custom_cmap.plot
    deps:
    - path: plotting_examples/2022/bar_plot_w_custom_cmap/plot.py
      md5: d4e5771aeb11a5c78cf16bc01681b014
      size: 5778
    outs:
    - path: images/2022/bar_plot_w_custom_cmap.png
      md5: f90122b668c246a8ef62d4c8302daf68
      size: 174070
  2022_week42:
    cmd: python -m plotting_examples.2022.week42.plot
    deps:
    - path: plotting_examples/2022/week42/plot.py
      md5: 1abbfdf49c2abe180492a606e4760c98
      size: 12120
    outs:
    - path: images/2022/week42.png
      md5: f6bcc5fd9c521a9a8b20c8a11659004d
      size: 1146056
  2022_box_plot_w_scatter_distributions:
    cmd: python -m plotting_examples.2022.box_plot_w_scatter_distributions.plot
    deps:
    - path: plotting_examples/2022/box_plot_w_scatter_distributions/plot.py
      md5: 0ac3c9c54beeac3e1e5395ab8c6a04b0
      size: 12148
    outs:
    - path: images/2022/box_plot_w_scatter_distributions.png
      md5: a4db1dd69327dcf7166701d7dce61ef6
      size: 478450
  2022_line_plot_fill_between:
    cmd: python -m plotting_examples.2022.line_plot_fill_between.plot
    deps:
    - path: plotting_examples/2022/line_plot_fill_between/plot.py
      md5: d4de88d563946fdd04daa65fa4e46280
      size: 5016
    outs:
    - path: images/2022/line_plot_fill_between.png
      md5: 31ccdfaec1719946aaaa86fe69e01626
      size: 231583
  y2022_box_plot_w_scatter_distributions:
    cmd: poetry run python -m plotting_examples.y2022.box_plot_w_scatter_distributions.plot
    deps:
    - path: plotting_examples/y2022/box_plot_w_scatter_distributions/plot.py
      hash: md5
      md5: d9fc37e34322310fbdea771e824c21ea
      size: 11628
    outs:
    - path: images/y2022/box_plot_w_scatter_distributions.png
      hash: md5
      md5: 33dc283243d8df737f43f92f990c62ca
      size: 469728
  y2022_sns_violin_plot_custom:
    cmd: poetry run python -m plotting_examples.y2022.sns_violin_plot_custom.plot
    deps:
    - path: plotting_examples/y2022/sns_violin_plot_custom/plot.py
      hash: md5
      md5: af8633606e970f64ae4a22fb787bcccc
      size: 1974
    outs:
    - path: images/y2022/sns_violin_plot_custom.png
      md5: 05e5eca57ef23097e878e8c603a3f22e
      size: 67429
  y2022_bar_plot_w_custom_cmap:
    cmd: poetry run python -m plotting_examples.y2022.bar_plot_w_custom_cmap.plot
    deps:
    - path: plotting_examples/y2022/bar_plot_w_custom_cmap/plot.py
      hash: md5
      md5: 82214969a9455e9e98fcbcfd3f226342
      size: 6030
    outs:
    - path: images/y2022/bar_plot_w_custom_cmap.png
      hash: md5
      md5: 6be8b259164e4992a3e62f5255199e02
      size: 174412
  y2022_histogram_with_two_variables:
    cmd: poetry run python -m plotting_examples.y2022.histogram_with_two_variables.plot
    deps:
    - path: plotting_examples/y2022/histogram_with_two_variables/plot.py
      hash: md5
      md5: 0518b1672f458e6831ce1bba993acfa4
      size: 5848
    outs:
    - path: images/y2022/histogram_with_two_variables.png
      md5: 2e0d94432170ec007918cead8ddb08cb
      size: 58637
  y2022_binary_outcome_variable:
    cmd: poetry run python -m plotting_examples.y2022.binary_outcome_variable.plot
    deps:
    - path: plotting_examples/y2022/binary_outcome_variable/plot.py
      hash: md5
      md5: f8468c0554abebb6a4fc31f9ea511457
      size: 2790
    outs:
    - path: images/y2022/binary_outcome_variable.png
      hash: md5
      md5: 55b0cfcab7573baa0f5363f7f516e075
      size: 36069
  y2022_pos_neg_split_hbar:
    cmd: poetry run python -m plotting_examples.y2022.pos_neg_split_hbar.plot
    deps:
    - path: plotting_examples/y2022/pos_neg_split_hbar/plot.py
      hash: md5
      md5: 8cb4fba6391d62db1b439f91b305efcd
      size: 5743
    outs:
    - path: images/y2022/pos_neg_split_hbar.png
      md5: 09185fc58c132ebac7555ecf30463f81
      size: 73712
  y2022_scatter_matrix_w_kde_on_diag:
    cmd: poetry run python -m plotting_examples.y2022.scatter_matrix_w_kde_on_diag.plot
    deps:
    - path: plotting_examples/y2022/scatter_matrix_w_kde_on_diag/plot.py
      hash: md5
      md5: 2ba181f8e6c7917ee108db0efba5563b
      size: 3362
    outs:
    - path: images/y2022/scatter_matrix_w_kde_on_diag.png
      hash: md5
      md5: 9cbe0ed36d6b99d3832fe5d60b710cdd
      size: 325647
  y2022_line_plot_fill_between:
    cmd: poetry run python -m plotting_examples.y2022.line_plot_fill_between.plot
    deps:
    - path: plotting_examples/y2022/line_plot_fill_between/plot.py
      hash: md5
      md5: 802b36cd695bdd088c2bc5380a9dd90a
      size: 5135
    outs:
    - path: images/y2022/line_plot_fill_between.png
      md5: 9dcd62a428039331ee813626f2c53089
      size: 231583
  y2022_pandas_stacked_bars_with_values:
    cmd: poetry run python -m plotting_examples.y2022.pandas_stacked_bars_with_values.plot
    deps:
    - path: plotting_examples/y2022/pandas_stacked_bars_with_values/plot.py
      hash: md5
      md5: 721c3ddf3a5fb3ffd37c5625942eff0b
      size: 4374
    outs:
    - path: images/y2022/pandas_stacked_bars_with_values.png
      md5: 199cbc2e9ac00928ff31306bb0f4ab5e
      size: 61398
  y2022_split_x_axis_custom_legend:
    cmd: poetry run python -m plotting_examples.y2022.split_x_axis_custom_legend.plot
    deps:
    - path: plotting_examples/y2022/split_x_axis_custom_legend/plot.py
      hash: md5
      md5: 6c5854702e4a9a48dc35ccd757c9f741
      size: 6805
    outs:
    - path: images/y2022/split_x_axis_custom_legend.png
      hash: md5
      md5: ad997f3edd4f6e0e3c68f3f6d51f6051
      size: 1691509
  y2022_scatter_distributions:
    cmd: poetry run python -m plotting_examples.y2022.scatter_distributions.plot
    deps:
    - path: plotting_examples/y2022/scatter_distributions/plot.py
      hash: md5
      md5: 08c52ac504cb54a5e000540b1f1f10ef
      size: 7128
    outs:
    - path: images/y2022/scatter_distributions.png
      hash: md5
      md5: 78dcd94a72b9a63beb8c7f755d1aeb4a
      size: 549714
  y2022_default_plot:
    cmd: poetry run python -m plotting_examples.y2022.default_plot.plot
    deps:
    - path: plotting_examples/y2022/default_plot/plot.py
      hash: md5
      md5: e73c670e2e968dcf8fd512afdd02550f
      size: 1181
    outs:
    - path: images/y2022/default_plot.png
      md5: 1d81f2b1567c55dec832acd4ac5dca60
      size: 24778
  y2022_scatter_w_outlined_text_insert:
    cmd: poetry run python -m plotting_examples.y2022.scatter_w_outlined_text_insert.plot
    deps:
    - path: plotting_examples/y2022/scatter_w_outlined_text_insert/plot.py
      hash: md5
      md5: d005aa88877340480f65c1c66295d172
      size: 4852
    outs:
    - path: images/y2022/scatter_w_outlined_text_insert.png
      md5: 6de49552e5ea5e034d052d98943f89b9
      size: 481441
  y2022_opinium_barchart:
    cmd: poetry run python -m plotting_examples.y2022.opinium_barchart.plot
    deps:
    - path: plotting_examples/y2022/opinium_barchart/plot.py
      hash: md5
      md5: 5d789b62e376e73b2e674eff4654f5a3
      size: 5706
    outs:
    - path: images/y2022/opinium_barchart.png
      md5: 0f840e7d0a449d057ff8a5d5c27eda48
      size: 65128
  y2022_uk_hexmap:
    cmd: poetry run python -m plotting_examples.y2022.uk_hexmap.plot
    deps:
    - path: plotting_examples/y2022/uk_hexmap/plot.py
      hash: md5
      md5: 88fa207aa2f4176d2cba81a5383e49a3
      size: 3955
    outs:
    - path: images/y2022/uk_hexmap.png
      hash: md5
      md5: e7fe06a9f73be99214870928b9768d3a
      size: 536769
  y2022_meaningless_points:
    cmd: poetry run python -m plotting_examples.y2022.meaningless_points.plot
    deps:
    - path: plotting_examples/y2022/meaningless_points/plot.py
      hash: md5
      md5: b924868b0e4cb8df3e2d43db2df6447b
      size: 2629
    outs:
    - path: images/y2022/meaningless_points.png
      md5: 0abf95fc710641a8564d5df871600131
      size: 273061
  y2022_stacked_bar_with_single_bars_layout:
    cmd: poetry run python -m plotting_examples.y2022.stacked_bar_with_single_bars_layout.plot
    deps:
    - path: plotting_examples/y2022/stacked_bar_with_single_bars_layout/plot.py
      hash: md5
      md5: 363c16982b9bc5c3132fb0ed2e1ecdd3
      size: 15023
    outs:
    - path: images/y2022/stacked_bar_with_single_bars_layout.png
      md5: a0f95c280b1fe5edf4f2946654be8ed6
      size: 229895
  y2024_stacked_bar_with_single_bars_layout:
    cmd: poetry run python -m plotting_examples.y2024.stacked_bar_with_single_bars_layout.plot
    deps:
    - path: plotting_examples/y2024/stacked_bar_with_single_bars_layout/plot.py
      hash: md5
      md5: 42d5d36996dcebf858d3dc20de2170e7
      size: 15223
    outs:
    - path: images/y2024/stacked_bar_with_single_bars_layout.png
      md5: a0f95c280b1fe5edf4f2946654be8ed6
      size: 229895
  y2024_mish_weight:
    cmd: poetry run python -m plotting_examples.y2024.mish_weight.plot
    deps:
    - path: plotting_examples/y2024/mish_weight/plot.py
      hash: md5
      md5: c23fddaa7cda28671d084731a63dab0e
      size: 15199
    outs:
    - path: images/y2024/mish_weight.png
      hash: md5
      md5: a0f95c280b1fe5edf4f2946654be8ed6
      size: 229895
  y2024_cat_weight:
    cmd: poetry run python -m plotting_examples.y2024.cat_weight.plot
    deps:
    - path: plotting_examples/y2024/cat_weight/plot.py
      hash: md5
      md5: bdbd1793323e93e883bc0d54a3fc3892
      size: 11382
    outs:
    - path: images/y2024/cat_weight.png
      hash: md5
      md5: adeb2ea58b8f9088fdc367dda2b345ce
      size: 1101888
